// !$*UTF8*$!
{
	archiveVersion = 1;
	classes = {
	};
	objectVersion = 46;
	objects = {

/* Begin PBXBuildFile section */
		9338173516EA9A9800C8FCAC /* nestor.cpp in Sources */ = {isa = PBXBuildFile; fileRef = 9338173316EA9A9800C8FCAC /* nestor.cpp */; };
		9338173D16EB216100C8FCAC /* Cocoa.framework in Frameworks */ = {isa = PBXBuildFile; fileRef = 9338173C16EB216100C8FCAC /* Cocoa.framework */; };
		9338174716EB216100C8FCAC /* InfoPlist.strings in Resources */ = {isa = PBXBuildFile; fileRef = 9338174516EB216100C8FCAC /* InfoPlist.strings */; };
		9338174916EB216100C8FCAC /* main.m in Sources */ = {isa = PBXBuildFile; fileRef = 9338174816EB216100C8FCAC /* main.m */; };
		9338174D16EB216100C8FCAC /* Credits.rtf in Resources */ = {isa = PBXBuildFile; fileRef = 9338174B16EB216100C8FCAC /* Credits.rtf */; };
		9338175016EB216100C8FCAC /* AppDelegate.mm in Sources */ = {isa = PBXBuildFile; fileRef = 9338174F16EB216100C8FCAC /* AppDelegate.mm */; };
		9338175316EB216200C8FCAC /* MainMenu.xib in Resources */ = {isa = PBXBuildFile; fileRef = 9338175116EB216200C8FCAC /* MainMenu.xib */; };
		9338175A16EB23B500C8FCAC /* OpenGL.framework in Frameworks */ = {isa = PBXBuildFile; fileRef = 9338175916EB23B500C8FCAC /* OpenGL.framework */; };
		9338175B16EB3D5100C8FCAC /* nesView.h in Sources */ = {isa = PBXBuildFile; fileRef = 9338175716EB22B000C8FCAC /* nesView.h */; };
		9338175C16EB3D5100C8FCAC /* nesView.mm in Sources */ = {isa = PBXBuildFile; fileRef = 9338175816EB22B000C8FCAC /* nesView.mm */; };
		9338175D16EB3E2500C8FCAC /* Rom.cpp in Sources */ = {isa = PBXBuildFile; fileRef = A8BC3C3F65CE579898665799 /* Rom.cpp */; };
		9338175E16EB3E2500C8FCAC /* Rom.h in Sources */ = {isa = PBXBuildFile; fileRef = A8BC301FA0E7441C265E1FC0 /* Rom.h */; };
		9338175F16EB3E2500C8FCAC /* IO.cpp in Sources */ = {isa = PBXBuildFile; fileRef = A8BC3BAC2C9AC04084B90846 /* IO.cpp */; };
		9338176016EB3E2500C8FCAC /* IO.h in Sources */ = {isa = PBXBuildFile; fileRef = A8BC32A8338453C99F8D7F78 /* IO.h */; };
		9338176116EB3E2500C8FCAC /* Ram.cpp in Sources */ = {isa = PBXBuildFile; fileRef = A8BC353B63D0969119694396 /* Ram.cpp */; };
		9338176216EB3E2500C8FCAC /* Ram.h in Sources */ = {isa = PBXBuildFile; fileRef = A8BC3890F2603E1F4B0B8CAB /* Ram.h */; };
		9338176316EB3E2500C8FCAC /* CPU6502.cpp in Sources */ = {isa = PBXBuildFile; fileRef = A8BC3B987931F98A9FE2574B /* CPU6502.cpp */; };
		9338176416EB3E2500C8FCAC /* CPU6502.h in Sources */ = {isa = PBXBuildFile; fileRef = A8BC317E7389FCA2C89E6D94 /* CPU6502.h */; };
		9338176516EB3E2500C8FCAC /* PPU2C07.cpp in Sources */ = {isa = PBXBuildFile; fileRef = A8BC39655E61648393F7B15C /* PPU2C07.cpp */; };
		9338176616EB3E2500C8FCAC /* PPU2C07.h in Sources */ = {isa = PBXBuildFile; fileRef = A8BC3ACCD56D547A389473D5 /* PPU2C07.h */; };
		9338176716EB3E2500C8FCAC /* nestor.cpp in Sources */ = {isa = PBXBuildFile; fileRef = 9338173316EA9A9800C8FCAC /* nestor.cpp */; };
		9338176816EB3E2500C8FCAC /* nestor.h in Sources */ = {isa = PBXBuildFile; fileRef = 9338173416EA9A9800C8FCAC /* nestor.h */; };
		937BB0EA16F910B000F8F003 /* APU.cpp in Sources */ = {isa = PBXBuildFile; fileRef = 937BB0E816F910B000F8F003 /* APU.cpp */; };
		937BB0EB16F9133F00F8F003 /* APU.cpp in Sources */ = {isa = PBXBuildFile; fileRef = 937BB0E816F910B000F8F003 /* APU.cpp */; };
		93C51FA81709EDE400693E33 /* CoreAudio.framework in Frameworks */ = {isa = PBXBuildFile; fileRef = 93C51FA71709EDE400693E33 /* CoreAudio.framework */; };
		93C51FAB1709F0D800693E33 /* nesAudio.mm in Sources */ = {isa = PBXBuildFile; fileRef = 93C51FAA1709F0D800693E33 /* nesAudio.mm */; };
		93C51FAD170A15C400693E33 /* AudioUnit.framework in Frameworks */ = {isa = PBXBuildFile; fileRef = 93C51FAC170A15C300693E33 /* AudioUnit.framework */; };
		93C51FAF170AA29700693E33 /* AudioToolbox.framework in Frameworks */ = {isa = PBXBuildFile; fileRef = 93C51FAE170AA29600693E33 /* AudioToolbox.framework */; };
		93C51FB1170B620800693E33 /* OpenAL.framework in Frameworks */ = {isa = PBXBuildFile; fileRef = 93C51FB0170B620800693E33 /* OpenAL.framework */; };
		93C51FB5170B65EC00693E33 /* button_press.caf in Resources */ = {isa = PBXBuildFile; fileRef = 93C51FB4170B65EC00693E33 /* button_press.caf */; };
		93CEBBB316EFC3A000CBDE87 /* Mapper.cpp in Sources */ = {isa = PBXBuildFile; fileRef = 93CEBBB216EFC3A000CBDE87 /* Mapper.cpp */; };
		93CEBBB516EFC48600CBDE87 /* Mapper.h in Sources */ = {isa = PBXBuildFile; fileRef = 93CEBBB016EFC2A800CBDE87 /* Mapper.h */; };
		93CEBBB616EFC48600CBDE87 /* Mapper.cpp in Sources */ = {isa = PBXBuildFile; fileRef = 93CEBBB216EFC3A000CBDE87 /* Mapper.cpp */; };
		93CEBBB716EFC48600CBDE87 /* MMC1.h in Sources */ = {isa = PBXBuildFile; fileRef = 93CEBBB416EFC44600CBDE87 /* MMC1.h */; };
		A8BC331AD5559D31DA1594E8 /* IO.cpp in Sources */ = {isa = PBXBuildFile; fileRef = A8BC3BAC2C9AC04084B90846 /* IO.cpp */; };
		A8BC352A379A4668ACC32734 /* Ram.cpp in Sources */ = {isa = PBXBuildFile; fileRef = A8BC353B63D0969119694396 /* Ram.cpp */; };
		A8BC357B28ED9C9E09D4CA07 /* PPU2C07.h in CopyFiles */ = {isa = PBXBuildFile; fileRef = A8BC3ACCD56D547A389473D5 /* PPU2C07.h */; };
		A8BC38DBA0EE3F223671D2C6 /* Rom.h in CopyFiles */ = {isa = PBXBuildFile; fileRef = A8BC301FA0E7441C265E1FC0 /* Rom.h */; };
		A8BC39B08DCDEFD5622CA7C4 /* CPU6502.h in CopyFiles */ = {isa = PBXBuildFile; fileRef = A8BC317E7389FCA2C89E6D94 /* CPU6502.h */; };
		A8BC3AE4AE93B7472BD58EF0 /* Rom.cpp in Sources */ = {isa = PBXBuildFile; fileRef = A8BC3C3F65CE579898665799 /* Rom.cpp */; };
		A8BC3C1E9D5FB5ECF7EE906F /* PPU2C07.cpp in Sources */ = {isa = PBXBuildFile; fileRef = A8BC39655E61648393F7B15C /* PPU2C07.cpp */; };
		A8BC3C4FA4F947F4E04A2C5A /* IO.h in CopyFiles */ = {isa = PBXBuildFile; fileRef = A8BC32A8338453C99F8D7F78 /* IO.h */; };
		A8BC3CEFA3D5CE6E282EEFCE /* main.cpp in Sources */ = {isa = PBXBuildFile; fileRef = A8BC3975777D5581F173463B /* main.cpp */; };
		A8BC3E34A8E2A25B7F894FA2 /* Ram.h in CopyFiles */ = {isa = PBXBuildFile; fileRef = A8BC3890F2603E1F4B0B8CAB /* Ram.h */; };
		A8BC3F96264F7851E335F527 /* CPU6502.cpp in Sources */ = {isa = PBXBuildFile; fileRef = A8BC3B987931F98A9FE2574B /* CPU6502.cpp */; };
/* End PBXBuildFile section */

/* Begin PBXCopyFilesBuildPhase section */
		A8BC3E55EF43C7D4485C7532 /* CopyFiles */ = {
			isa = PBXCopyFilesBuildPhase;
			buildActionMask = 2147483647;
			dstPath = /usr/share/man/man1/;
			dstSubfolderSpec = 0;
			files = (
				A8BC38DBA0EE3F223671D2C6 /* Rom.h in CopyFiles */,
				A8BC3C4FA4F947F4E04A2C5A /* IO.h in CopyFiles */,
				A8BC3E34A8E2A25B7F894FA2 /* Ram.h in CopyFiles */,
				A8BC39B08DCDEFD5622CA7C4 /* CPU6502.h in CopyFiles */,
				A8BC357B28ED9C9E09D4CA07 /* PPU2C07.h in CopyFiles */,
			);
			runOnlyForDeploymentPostprocessing = 1;
		};
/* End PBXCopyFilesBuildPhase section */

/* Begin PBXFileReference section */
		9338173316EA9A9800C8FCAC /* nestor.cpp */ = {isa = PBXFileReference; fileEncoding = 4; lastKnownFileType = sourcecode.cpp.cpp; path = nestor.cpp; sourceTree = "<group>"; };
		9338173416EA9A9800C8FCAC /* nestor.h */ = {isa = PBXFileReference; fileEncoding = 4; lastKnownFileType = sourcecode.c.h; path = nestor.h; sourceTree = "<group>"; };
		9338173A16EB216100C8FCAC /* nestex.app */ = {isa = PBXFileReference; explicitFileType = wrapper.application; includeInIndex = 0; path = nestex.app; sourceTree = BUILT_PRODUCTS_DIR; };
		9338173C16EB216100C8FCAC /* Cocoa.framework */ = {isa = PBXFileReference; lastKnownFileType = wrapper.framework; name = Cocoa.framework; path = System/Library/Frameworks/Cocoa.framework; sourceTree = SDKROOT; };
		9338173F16EB216100C8FCAC /* AppKit.framework */ = {isa = PBXFileReference; lastKnownFileType = wrapper.framework; name = AppKit.framework; path = System/Library/Frameworks/AppKit.framework; sourceTree = SDKROOT; };
		9338174016EB216100C8FCAC /* CoreData.framework */ = {isa = PBXFileReference; lastKnownFileType = wrapper.framework; name = CoreData.framework; path = System/Library/Frameworks/CoreData.framework; sourceTree = SDKROOT; };
		9338174116EB216100C8FCAC /* Foundation.framework */ = {isa = PBXFileReference; lastKnownFileType = wrapper.framework; name = Foundation.framework; path = System/Library/Frameworks/Foundation.framework; sourceTree = SDKROOT; };
		9338174416EB216100C8FCAC /* nestex-Info.plist */ = {isa = PBXFileReference; lastKnownFileType = text.plist.xml; path = "nestex-Info.plist"; sourceTree = "<group>"; };
		9338174616EB216100C8FCAC /* en */ = {isa = PBXFileReference; lastKnownFileType = text.plist.strings; name = en; path = en.lproj/InfoPlist.strings; sourceTree = "<group>"; };
		9338174816EB216100C8FCAC /* main.m */ = {isa = PBXFileReference; lastKnownFileType = sourcecode.c.objc; path = main.m; sourceTree = "<group>"; };
		9338174A16EB216100C8FCAC /* nestex-Prefix.pch */ = {isa = PBXFileReference; lastKnownFileType = sourcecode.c.h; path = "nestex-Prefix.pch"; sourceTree = "<group>"; };
		9338174C16EB216100C8FCAC /* en */ = {isa = PBXFileReference; lastKnownFileType = text.rtf; name = en; path = en.lproj/Credits.rtf; sourceTree = "<group>"; };
		9338174E16EB216100C8FCAC /* AppDelegate.h */ = {isa = PBXFileReference; lastKnownFileType = sourcecode.c.h; path = AppDelegate.h; sourceTree = "<group>"; };
		9338174F16EB216100C8FCAC /* AppDelegate.mm */ = {isa = PBXFileReference; lastKnownFileType = sourcecode.cpp.objcpp; path = AppDelegate.mm; sourceTree = "<group>"; };
		9338175216EB216200C8FCAC /* en */ = {isa = PBXFileReference; lastKnownFileType = file.xib; name = en; path = en.lproj/MainMenu.xib; sourceTree = "<group>"; };
		9338175716EB22B000C8FCAC /* nesView.h */ = {isa = PBXFileReference; lastKnownFileType = sourcecode.c.h; path = nesView.h; sourceTree = "<group>"; };
		9338175816EB22B000C8FCAC /* nesView.mm */ = {isa = PBXFileReference; lastKnownFileType = sourcecode.cpp.objcpp; path = nesView.mm; sourceTree = "<group>"; };
		9338175916EB23B500C8FCAC /* OpenGL.framework */ = {isa = PBXFileReference; lastKnownFileType = wrapper.framework; name = OpenGL.framework; path = System/Library/Frameworks/OpenGL.framework; sourceTree = SDKROOT; };
		937BB0E816F910B000F8F003 /* APU.cpp */ = {isa = PBXFileReference; fileEncoding = 4; lastKnownFileType = sourcecode.cpp.cpp; path = APU.cpp; sourceTree = "<group>"; };
		937BB0E916F910B000F8F003 /* APU.h */ = {isa = PBXFileReference; fileEncoding = 4; lastKnownFileType = sourcecode.c.h; path = APU.h; sourceTree = "<group>"; };
		93C51FA71709EDE400693E33 /* CoreAudio.framework */ = {isa = PBXFileReference; lastKnownFileType = wrapper.framework; name = CoreAudio.framework; path = System/Library/Frameworks/CoreAudio.framework; sourceTree = SDKROOT; };
		93C51FA91709F0D800693E33 /* nesAudio.h */ = {isa = PBXFileReference; fileEncoding = 4; lastKnownFileType = sourcecode.c.h; name = nesAudio.h; path = nestex/nesAudio.h; sourceTree = "<group>"; };
		93C51FAA1709F0D800693E33 /* nesAudio.mm */ = {isa = PBXFileReference; fileEncoding = 4; lastKnownFileType = sourcecode.cpp.objcpp; name = nesAudio.mm; path = nestex/nesAudio.mm; sourceTree = "<group>"; };
		93C51FAC170A15C300693E33 /* AudioUnit.framework */ = {isa = PBXFileReference; lastKnownFileType = wrapper.framework; name = AudioUnit.framework; path = System/Library/Frameworks/AudioUnit.framework; sourceTree = SDKROOT; };
		93C51FAE170AA29600693E33 /* AudioToolbox.framework */ = {isa = PBXFileReference; lastKnownFileType = wrapper.framework; name = AudioToolbox.framework; path = System/Library/Frameworks/AudioToolbox.framework; sourceTree = SDKROOT; };
		93C51FB0170B620800693E33 /* OpenAL.framework */ = {isa = PBXFileReference; lastKnownFileType = wrapper.framework; name = OpenAL.framework; path = System/Library/Frameworks/OpenAL.framework; sourceTree = SDKROOT; };
		93C51FB4170B65EC00693E33 /* button_press.caf */ = {isa = PBXFileReference; lastKnownFileType = file; path = button_press.caf; sourceTree = "<group>"; };
		93CEBBB016EFC2A800CBDE87 /* Mapper.h */ = {isa = PBXFileReference; lastKnownFileType = sourcecode.c.h; path = Mapper.h; sourceTree = "<group>"; };
		93CEBBB116EFC2ED00CBDE87 /* types.h */ = {isa = PBXFileReference; lastKnownFileType = sourcecode.c.h; path = types.h; sourceTree = "<group>"; };
		93CEBBB216EFC3A000CBDE87 /* Mapper.cpp */ = {isa = PBXFileReference; fileEncoding = 4; lastKnownFileType = sourcecode.cpp.cpp; path = Mapper.cpp; sourceTree = "<group>"; };
		93CEBBB416EFC44600CBDE87 /* MMC1.h */ = {isa = PBXFileReference; lastKnownFileType = sourcecode.c.h; path = MMC1.h; sourceTree = "<group>"; };
		93CEBBB816F068AD00CBDE87 /* NROM.h */ = {isa = PBXFileReference; lastKnownFileType = sourcecode.c.h; path = NROM.h; sourceTree = "<group>"; };
		A8BC301FA0E7441C265E1FC0 /* Rom.h */ = {isa = PBXFileReference; fileEncoding = 4; lastKnownFileType = sourcecode.c.h; path = Rom.h; sourceTree = "<group>"; };
		A8BC317E7389FCA2C89E6D94 /* CPU6502.h */ = {isa = PBXFileReference; fileEncoding = 4; lastKnownFileType = sourcecode.c.h; path = CPU6502.h; sourceTree = "<group>"; };
		A8BC32A8338453C99F8D7F78 /* IO.h */ = {isa = PBXFileReference; fileEncoding = 4; lastKnownFileType = sourcecode.c.h; path = IO.h; sourceTree = "<group>"; };
		A8BC353B63D0969119694396 /* Ram.cpp */ = {isa = PBXFileReference; fileEncoding = 4; lastKnownFileType = sourcecode.cpp.cpp; path = Ram.cpp; sourceTree = "<group>"; };
		A8BC3890F2603E1F4B0B8CAB /* Ram.h */ = {isa = PBXFileReference; fileEncoding = 4; lastKnownFileType = sourcecode.c.h; path = Ram.h; sourceTree = "<group>"; };
		A8BC39655E61648393F7B15C /* PPU2C07.cpp */ = {isa = PBXFileReference; fileEncoding = 4; lastKnownFileType = sourcecode.cpp.cpp; path = PPU2C07.cpp; sourceTree = "<group>"; };
		A8BC3975777D5581F173463B /* main.cpp */ = {isa = PBXFileReference; lastKnownFileType = sourcecode.cpp.cpp; path = main.cpp; sourceTree = "<group>"; };
		A8BC3ACCD56D547A389473D5 /* PPU2C07.h */ = {isa = PBXFileReference; fileEncoding = 4; lastKnownFileType = sourcecode.c.h; path = PPU2C07.h; sourceTree = "<group>"; };
		A8BC3B987931F98A9FE2574B /* CPU6502.cpp */ = {isa = PBXFileReference; fileEncoding = 4; lastKnownFileType = sourcecode.cpp.cpp; path = CPU6502.cpp; sourceTree = "<group>"; };
		A8BC3BAC2C9AC04084B90846 /* IO.cpp */ = {isa = PBXFileReference; fileEncoding = 4; lastKnownFileType = sourcecode.cpp.cpp; path = IO.cpp; sourceTree = "<group>"; };
		A8BC3BF450CCB2E399C5DB04 /* nestor */ = {isa = PBXFileReference; explicitFileType = "compiled.mach-o.executable"; includeInIndex = 0; path = nestor; sourceTree = BUILT_PRODUCTS_DIR; };
		A8BC3C3F65CE579898665799 /* Rom.cpp */ = {isa = PBXFileReference; fileEncoding = 4; lastKnownFileType = sourcecode.cpp.cpp; path = Rom.cpp; sourceTree = "<group>"; };
/* End PBXFileReference section */

/* Begin PBXFrameworksBuildPhase section */
		9338173716EB216100C8FCAC /* Frameworks */ = {
			isa = PBXFrameworksBuildPhase;
			buildActionMask = 2147483647;
			files = (
				93C51FB1170B620800693E33 /* OpenAL.framework in Frameworks */,
				93C51FAF170AA29700693E33 /* AudioToolbox.framework in Frameworks */,
				93C51FAD170A15C400693E33 /* AudioUnit.framework in Frameworks */,
				93C51FA81709EDE400693E33 /* CoreAudio.framework in Frameworks */,
				9338175A16EB23B500C8FCAC /* OpenGL.framework in Frameworks */,
				9338173D16EB216100C8FCAC /* Cocoa.framework in Frameworks */,
			);
			runOnlyForDeploymentPostprocessing = 0;
		};
		A8BC3B6F80640B642656B83F /* Frameworks */ = {
			isa = PBXFrameworksBuildPhase;
			buildActionMask = 2147483647;
			files = (
			);
			runOnlyForDeploymentPostprocessing = 0;
		};
/* End PBXFrameworksBuildPhase section */

/* Begin PBXGroup section */
		9338173B16EB216100C8FCAC /* Frameworks */ = {
			isa = PBXGroup;
			children = (
				93C51FB0170B620800693E33 /* OpenAL.framework */,
				93C51FAE170AA29600693E33 /* AudioToolbox.framework */,
				93C51FAC170A15C300693E33 /* AudioUnit.framework */,
				93C51FA71709EDE400693E33 /* CoreAudio.framework */,
				9338175916EB23B500C8FCAC /* OpenGL.framework */,
				9338173C16EB216100C8FCAC /* Cocoa.framework */,
				9338173E16EB216100C8FCAC /* Other Frameworks */,
			);
			name = Frameworks;
			sourceTree = "<group>";
		};
		9338173E16EB216100C8FCAC /* Other Frameworks */ = {
			isa = PBXGroup;
			children = (
				9338173F16EB216100C8FCAC /* AppKit.framework */,
				9338174016EB216100C8FCAC /* CoreData.framework */,
				9338174116EB216100C8FCAC /* Foundation.framework */,
			);
			name = "Other Frameworks";
			sourceTree = "<group>";
		};
		9338174216EB216100C8FCAC /* nestex */ = {
			isa = PBXGroup;
			children = (
				93C51FB2170B65EC00693E33 /* Resources */,
				9338174E16EB216100C8FCAC /* AppDelegate.h */,
				9338174F16EB216100C8FCAC /* AppDelegate.mm */,
				9338175716EB22B000C8FCAC /* nesView.h */,
				9338175816EB22B000C8FCAC /* nesView.mm */,
				9338175116EB216200C8FCAC /* MainMenu.xib */,
				9338174316EB216100C8FCAC /* Supporting Files */,
				93C51FA91709F0D800693E33 /* nesAudio.h */,
				93C51FAA1709F0D800693E33 /* nesAudio.mm */,
			);
			path = nestex;
			sourceTree = "<group>";
		};
		9338174316EB216100C8FCAC /* Supporting Files */ = {
			isa = PBXGroup;
			children = (
				9338174416EB216100C8FCAC /* nestex-Info.plist */,
				9338174516EB216100C8FCAC /* InfoPlist.strings */,
				9338174816EB216100C8FCAC /* main.m */,
				9338174A16EB216100C8FCAC /* nestex-Prefix.pch */,
				9338174B16EB216100C8FCAC /* Credits.rtf */,
			);
			name = "Supporting Files";
			sourceTree = "<group>";
		};
		93C51FB2170B65EC00693E33 /* Resources */ = {
			isa = PBXGroup;
			children = (
				93C51FB3170B65EC00693E33 /* audio */,
			);
			path = Resources;
			sourceTree = SOURCE_ROOT;
		};
		93C51FB3170B65EC00693E33 /* audio */ = {
			isa = PBXGroup;
			children = (
				93C51FB4170B65EC00693E33 /* button_press.caf */,
			);
			path = audio;
			sourceTree = "<group>";
		};
		93CEBBAF16EFC27100CBDE87 /* Mapper */ = {
			isa = PBXGroup;
			children = (
				93CEBBB016EFC2A800CBDE87 /* Mapper.h */,
				93CEBBB216EFC3A000CBDE87 /* Mapper.cpp */,
				93CEBBB416EFC44600CBDE87 /* MMC1.h */,
				93CEBBB816F068AD00CBDE87 /* NROM.h */,
			);
			name = Mapper;
			sourceTree = "<group>";
		};
		A8BC385C4E2AC7F7EA881094 /* Products */ = {
			isa = PBXGroup;
			children = (
				A8BC3BF450CCB2E399C5DB04 /* nestor */,
				9338173A16EB216100C8FCAC /* nestex.app */,
			);
			name = Products;
			sourceTree = "<group>";
		};
		A8BC3BEB0681EEB2C41A3618 /* nestor */ = {
			isa = PBXGroup;
			children = (
				93CEBBAF16EFC27100CBDE87 /* Mapper */,
				A8BC3975777D5581F173463B /* main.cpp */,
				A8BC3C3F65CE579898665799 /* Rom.cpp */,
				A8BC301FA0E7441C265E1FC0 /* Rom.h */,
				A8BC3BAC2C9AC04084B90846 /* IO.cpp */,
				A8BC32A8338453C99F8D7F78 /* IO.h */,
				A8BC353B63D0969119694396 /* Ram.cpp */,
				A8BC3890F2603E1F4B0B8CAB /* Ram.h */,
				A8BC3B987931F98A9FE2574B /* CPU6502.cpp */,
				A8BC317E7389FCA2C89E6D94 /* CPU6502.h */,
				A8BC39655E61648393F7B15C /* PPU2C07.cpp */,
				A8BC3ACCD56D547A389473D5 /* PPU2C07.h */,
				9338173316EA9A9800C8FCAC /* nestor.cpp */,
				9338173416EA9A9800C8FCAC /* nestor.h */,
				93CEBBB116EFC2ED00CBDE87 /* types.h */,
				937BB0E816F910B000F8F003 /* APU.cpp */,
				937BB0E916F910B000F8F003 /* APU.h */,
			);
			path = nestor;
			sourceTree = "<group>";
		};
		A8BC3FF3C3CAF6B3844BA0E8 = {
			isa = PBXGroup;
			children = (
				9338174216EB216100C8FCAC /* nestex */,
				9338173B16EB216100C8FCAC /* Frameworks */,
				A8BC385C4E2AC7F7EA881094 /* Products */,
				A8BC3BEB0681EEB2C41A3618 /* nestor */,
			);
			sourceTree = "<group>";
		};
/* End PBXGroup section */

/* Begin PBXNativeTarget section */
		9338173916EB216100C8FCAC /* nestex */ = {
			isa = PBXNativeTarget;
			buildConfigurationList = 9338175416EB216200C8FCAC /* Build configuration list for PBXNativeTarget "nestex" */;
			buildPhases = (
				9338173616EB216100C8FCAC /* Sources */,
				9338173716EB216100C8FCAC /* Frameworks */,
				9338173816EB216100C8FCAC /* Resources */,
			);
			buildRules = (
			);
			dependencies = (
			);
			name = nestex;
			productName = nestex;
			productReference = 9338173A16EB216100C8FCAC /* nestex.app */;
			productType = "com.apple.product-type.application";
		};
		A8BC3FECAC1D472A27192A21 /* nestor */ = {
			isa = PBXNativeTarget;
			buildConfigurationList = A8BC3080B5B15FA2BBFDEC33 /* Build configuration list for PBXNativeTarget "nestor" */;
			buildPhases = (
				A8BC36FAADAC1313CB585BE8 /* Sources */,
				A8BC3B6F80640B642656B83F /* Frameworks */,
				A8BC3E55EF43C7D4485C7532 /* CopyFiles */,
			);
			buildRules = (
			);
			dependencies = (
			);
			name = nestor;
			productName = nestor;
			productReference = A8BC3BF450CCB2E399C5DB04 /* nestor */;
			productType = "com.apple.product-type.tool";
		};
/* End PBXNativeTarget section */

/* Begin PBXProject section */
		A8BC35B6C79DB1161A76D5A7 /* Project object */ = {
			isa = PBXProject;
			buildConfigurationList = A8BC3C0A914857CC6C1D710B /* Build configuration list for PBXProject "nestor" */;
			compatibilityVersion = "Xcode 3.2";
			developmentRegion = English;
			hasScannedForEncodings = 0;
			knownRegions = (
				en,
			);
			mainGroup = A8BC3FF3C3CAF6B3844BA0E8;
			productRefGroup = A8BC385C4E2AC7F7EA881094 /* Products */;
			projectDirPath = "";
			projectRoot = "";
			targets = (
				A8BC3FECAC1D472A27192A21 /* nestor */,
				9338173916EB216100C8FCAC /* nestex */,
			);
		};
/* End PBXProject section */

/* Begin PBXResourcesBuildPhase section */
		9338173816EB216100C8FCAC /* Resources */ = {
			isa = PBXResourcesBuildPhase;
			buildActionMask = 2147483647;
			files = (
				9338174716EB216100C8FCAC /* InfoPlist.strings in Resources */,
				9338174D16EB216100C8FCAC /* Credits.rtf in Resources */,
				9338175316EB216200C8FCAC /* MainMenu.xib in Resources */,
				93C51FB5170B65EC00693E33 /* button_press.caf in Resources */,
			);
			runOnlyForDeploymentPostprocessing = 0;
		};
/* End PBXResourcesBuildPhase section */

/* Begin PBXSourcesBuildPhase section */
		9338173616EB216100C8FCAC /* Sources */ = {
			isa = PBXSourcesBuildPhase;
			buildActionMask = 2147483647;
			files = (
				93CEBBB516EFC48600CBDE87 /* Mapper.h in Sources */,
				93CEBBB616EFC48600CBDE87 /* Mapper.cpp in Sources */,
				93CEBBB716EFC48600CBDE87 /* MMC1.h in Sources */,
				9338175D16EB3E2500C8FCAC /* Rom.cpp in Sources */,
				9338175E16EB3E2500C8FCAC /* Rom.h in Sources */,
				9338175F16EB3E2500C8FCAC /* IO.cpp in Sources */,
				9338176016EB3E2500C8FCAC /* IO.h in Sources */,
				937BB0EB16F9133F00F8F003 /* APU.cpp in Sources */,
				9338176116EB3E2500C8FCAC /* Ram.cpp in Sources */,
				9338176216EB3E2500C8FCAC /* Ram.h in Sources */,
				9338176316EB3E2500C8FCAC /* CPU6502.cpp in Sources */,
				9338176416EB3E2500C8FCAC /* CPU6502.h in Sources */,
				9338176516EB3E2500C8FCAC /* PPU2C07.cpp in Sources */,
				9338176616EB3E2500C8FCAC /* PPU2C07.h in Sources */,
				9338176716EB3E2500C8FCAC /* nestor.cpp in Sources */,
				9338176816EB3E2500C8FCAC /* nestor.h in Sources */,
				9338175B16EB3D5100C8FCAC /* nesView.h in Sources */,
				9338175C16EB3D5100C8FCAC /* nesView.mm in Sources */,
				9338174916EB216100C8FCAC /* main.m in Sources */,
				9338175016EB216100C8FCAC /* AppDelegate.mm in Sources */,
				93C51FAB1709F0D800693E33 /* nesAudio.mm in Sources */,
			);
			runOnlyForDeploymentPostprocessing = 0;
		};
		A8BC36FAADAC1313CB585BE8 /* Sources */ = {
			isa = PBXSourcesBuildPhase;
			buildActionMask = 2147483647;
			files = (
				A8BC3CEFA3D5CE6E282EEFCE /* main.cpp in Sources */,
				A8BC3AE4AE93B7472BD58EF0 /* Rom.cpp in Sources */,
				A8BC331AD5559D31DA1594E8 /* IO.cpp in Sources */,
				A8BC352A379A4668ACC32734 /* Ram.cpp in Sources */,
				A8BC3F96264F7851E335F527 /* CPU6502.cpp in Sources */,
				A8BC3C1E9D5FB5ECF7EE906F /* PPU2C07.cpp in Sources */,
				9338173516EA9A9800C8FCAC /* nestor.cpp in Sources */,
				93CEBBB316EFC3A000CBDE87 /* Mapper.cpp in Sources */,
				937BB0EA16F910B000F8F003 /* APU.cpp in Sources */,
			);
			runOnlyForDeploymentPostprocessing = 0;
		};
/* End PBXSourcesBuildPhase section */

/* Begin PBXVariantGroup section */
		9338174516EB216100C8FCAC /* InfoPlist.strings */ = {
			isa = PBXVariantGroup;
			children = (
				9338174616EB216100C8FCAC /* en */,
			);
			name = InfoPlist.strings;
			sourceTree = "<group>";
		};
		9338174B16EB216100C8FCAC /* Credits.rtf */ = {
			isa = PBXVariantGroup;
			children = (
				9338174C16EB216100C8FCAC /* en */,
			);
			name = Credits.rtf;
			sourceTree = "<group>";
		};
		9338175116EB216200C8FCAC /* MainMenu.xib */ = {
			isa = PBXVariantGroup;
			children = (
				9338175216EB216200C8FCAC /* en */,
			);
			name = MainMenu.xib;
			sourceTree = "<group>";
		};
/* End PBXVariantGroup section */

/* Begin XCBuildConfiguration section */
		9338175516EB216200C8FCAC /* Release */ = {
			isa = XCBuildConfiguration;
			buildSettings = {
				COMBINE_HIDPI_IMAGES = YES;
				GCC_PRECOMPILE_PREFIX_HEADER = YES;
				GCC_PREFIX_HEADER = "nestex/nestex-Prefix.pch";
				INFOPLIST_FILE = "nestex/nestex-Info.plist";
				PRODUCT_NAME = "$(TARGET_NAME)";
				WRAPPER_EXTENSION = app;
			};
			name = Release;
		};
		9338175616EB216200C8FCAC /* Debug */ = {
			isa = XCBuildConfiguration;
			buildSettings = {
				COMBINE_HIDPI_IMAGES = YES;
				GCC_PRECOMPILE_PREFIX_HEADER = YES;
				GCC_PREFIX_HEADER = "nestex/nestex-Prefix.pch";
				INFOPLIST_FILE = "nestex/nestex-Info.plist";
				PRODUCT_NAME = "$(TARGET_NAME)";
				WRAPPER_EXTENSION = app;
			};
			name = Debug;
		};
		A8BC306FBB9C2843BA0F9661 /* Release */ = {
			isa = XCBuildConfiguration;
			buildSettings = {
				ALWAYS_SEARCH_USER_PATHS = NO;
				ARCHS = "$(ARCHS_STANDARD_64_BIT)";
				CLANG_CXX_LANGUAGE_STANDARD = "gnu++0x";
				CLANG_CXX_LIBRARY = "libc++";
				CLANG_WARN_CONSTANT_CONVERSION = YES;
				CLANG_WARN_EMPTY_BODY = YES;
				CLANG_WARN_ENUM_CONVERSION = YES;
				CLANG_WARN_INT_CONVERSION = YES;
				CLANG_WARN__DUPLICATE_METHOD_MATCH = YES;
				COPY_PHASE_STRIP = YES;
				DEBUG_INFORMATION_FORMAT = "dwarf-with-dsym";
				GCC_C_LANGUAGE_STANDARD = gnu99;
				GCC_ENABLE_OBJC_EXCEPTIONS = YES;
				GCC_WARN_64_TO_32_BIT_CONVERSION = YES;
				GCC_WARN_ABOUT_RETURN_TYPE = YES;
				GCC_WARN_UNINITIALIZED_AUTOS = YES;
				GCC_WARN_UNUSED_VARIABLE = YES;
				MACOSX_DEPLOYMENT_TARGET = 10.8;
				SDKROOT = macosx;
			};
			name = Release;
		};
		A8BC3BB6880E1E70C934E159 /* Release */ = {
			isa = XCBuildConfiguration;
			buildSettings = {
				PRODUCT_NAME = "$(TARGET_NAME)";
			};
			name = Release;
		};
		A8BC3C892BF611F513901E95 /* Debug */ = {
			isa = XCBuildConfiguration;
			buildSettings = {
				PRODUCT_NAME = "$(TARGET_NAME)";
			};
			name = Debug;
		};
		A8BC3EF270E68B3E54649BBB /* Debug */ = {
			isa = XCBuildConfiguration;
			buildSettings = {
				ALWAYS_SEARCH_USER_PATHS = NO;
				ARCHS = "$(ARCHS_STANDARD_64_BIT)";
				CLANG_CXX_LANGUAGE_STANDARD = "gnu++0x";
				CLANG_CXX_LIBRARY = "libc++";
				CLANG_WARN_CONSTANT_CONVERSION = YES;
				CLANG_WARN_EMPTY_BODY = YES;
				CLANG_WARN_ENUM_CONVERSION = YES;
				CLANG_WARN_INT_CONVERSION = YES;
				CLANG_WARN__DUPLICATE_METHOD_MATCH = YES;
				COPY_PHASE_STRIP = NO;
				GCC_C_LANGUAGE_STANDARD = gnu99;
				GCC_DYNAMIC_NO_PIC = NO;
				GCC_ENABLE_OBJC_EXCEPTIONS = YES;
				GCC_OPTIMIZATION_LEVEL = 0;
				GCC_PREPROCESSOR_DEFINITIONS = (
					"DEBUG=1",
					"$(inherited)",
				);
				GCC_SYMBOLS_PRIVATE_EXTERN = NO;
				GCC_WARN_64_TO_32_BIT_CONVERSION = YES;
				GCC_WARN_ABOUT_RETURN_TYPE = YES;
				GCC_WARN_UNINITIALIZED_AUTOS = YES;
				GCC_WARN_UNUSED_VARIABLE = YES;
				MACOSX_DEPLOYMENT_TARGET = 10.8;
				ONLY_ACTIVE_ARCH = YES;
				SDKROOT = macosx;
			};
			name = Debug;
		};
/* End XCBuildConfiguration section */

/* Begin XCConfigurationList section */
		9338175416EB216200C8FCAC /* Build configuration list for PBXNativeTarget "nestex" */ = {
			isa = XCConfigurationList;
			buildConfigurations = (
				9338175516EB216200C8FCAC /* Release */,
				9338175616EB216200C8FCAC /* Debug */,
			);
			defaultConfigurationIsVisible = 0;
			defaultConfigurationName = Release;
		};
		A8BC3080B5B15FA2BBFDEC33 /* Build configuration list for PBXNativeTarget "nestor" */ = {
			isa = XCConfigurationList;
			buildConfigurations = (
				A8BC3BB6880E1E70C934E159 /* Release */,
				A8BC3C892BF611F513901E95 /* Debug */,
			);
			defaultConfigurationIsVisible = 0;
			defaultConfigurationName = Release;
		};
		A8BC3C0A914857CC6C1D710B /* Build configuration list for PBXProject "nestor" */ = {
			isa = XCConfigurationList;
			buildConfigurations = (
				A8BC306FBB9C2843BA0F9661 /* Release */,
				A8BC3EF270E68B3E54649BBB /* Debug */,
			);
			defaultConfigurationIsVisible = 0;
			defaultConfigurationName = Release;
		};
/* End XCConfigurationList section */
	};
	rootObject = A8BC35B6C79DB1161A76D5A7 /* Project object */;
}
